{
  "version": "5",
  "specifiers": {
    "npm:@flatten-js/interval-tree@*": "2.0.3"
  },
  "npm": {
    "@flatten-js/interval-tree@2.0.3": {
      "integrity": "sha512-Lv3eaITqU20WD+5W8L7JeJdjDXC9hfTUEzY0cRLx/sXj1+P3XdK6Fig4UdxvsekakTK8XeOwnpAKEpTI728U4g==",
      "dependencies": [
        "tslib"
      ],
      "tarball": "http://swwnexusp0.suvanet.ch:18081/nexus/repository/npm-all/@flatten-js/interval-tree/-/interval-tree-2.0.3.tgz"
    },
    "tslib@2.8.1": {
      "integrity": "sha512-oJFu94HQb+KVduSUQL7wnpmqnfmLsOA/nAh6b6EH0wCEoK0/mPeXU6c3wKDV83MkOuHPRHtSXKKU99IBazS/2w==",
      "tarball": "http://swwnexusp0.suvanet.ch:18081/nexus/repository/npm-all/tslib/-/tslib-2.8.1.tgz"
    }
  }
}
